
Microsoft Visual Studio Solution File, Format Version 12.00
# Visual Studio Version 16
VisualStudioVersion = 16.0.30413.136
MinimumVisualStudioVersion = 10.0.40219.1
Project("{FAE04EC0-301F-11D3-BF4B-00C04F79EFBC}") = "Pop_Andrada_Lab6", "Pop_Andrada_Lab6.csproj", "{34092B76-B2D2-4C6C-A26A-590D36708A2D}"
EndProject
Project("{FAE04EC0-301F-11D3-BF4B-00C04F79EFBC}") = "AutoLotModel", "..\AutoLotModel\AutoLotModel.csproj", "{A85E1084-EED9-4FC0-B7F7-FACDF456CF50}"
EndProject
Global
	GlobalSection(SolutionConfigurationPlatforms) = preSolution
		Debug|Any CPU = Debug|Any CPU
		Release|Any CPU = Release|Any CPU
	EndGlobalSection
	GlobalSection(ProjectConfigurationPlatforms) = postSolution
		{34092B76-B2D2-4C6C-A26A-590D36708A2D}.Debug|Any CPU.ActiveCfg = Debug|Any CPU
		{34092B76-B2D2-4C6C-A26A-590D36708A2D}.Debug|Any CPU.Build.0 = Debug|Any CPU
		{34092B76-B2D2-4C6C-A26A-590D36708A2D}.Release|Any CPU.ActiveCfg = Release|Any CPU
		{34092B76-B2D2-4C6C-A26A-590D36708A2D}.Release|Any CPU.Build.0 = Release|Any CPU
		{A85E1084-EED9-4FC0-B7F7-FACDF456CF50}.Debug|Any CPU.ActiveCfg = Debug|Any CPU
		{A85E1084-EED9-4FC0-B7F7-FACDF456CF50}.Debug|Any CPU.Build.0 = Debug|Any CPU
		{A85E1084-EED9-4FC0-B7F7-FACDF456CF50}.Release|Any CPU.ActiveCfg = Release|Any CPU
		{A85E1084-EED9-4FC0-B7F7-FACDF456CF50}.Release|Any CPU.Build.0 = Release|Any CPU
	EndGlobalSection
	GlobalSection(SolutionProperties) = preSolution
		HideSolutionNode = FALSE
	EndGlobalSection
	GlobalSection(ExtensibilityGlobals) = postSolution
		SolutionGuid = {71800D87-F39D-4A3D-816B-462C78C15828}
	EndGlobalSection
EndGlobal
